{
  "nodes": {
    "nixpkgs": {
      "locked": {
        "lastModified": 1747076426,
        "narHash": "sha256-X5wQ3IZGA/STissUbpxmuYlO07wKBqRUxKB9gcEZQ3s=",
        "owner": "nixos",
        "repo": "nixpkgs",
        "rev": "71d12ec5774ceebdcb4be751de751b9ebc8031d6",
        "type": "github"
      },
      "original": {
        "owner": "nixos",
        "repo": "nixpkgs",
        "type": "github"
      }
    },
    "root": {
      "inputs": {
        "nixpkgs": "nixpkgs"
      }
    }
  },
  "root": "root",
  "version": 7
}
